{
  "requires": true,
  "lockfileVersion": 1,
  "dependencies": {
    "moisty": {
      "version": "0.0.3",
      "resolved": "https://registry.npmjs.org/moisty/-/moisty-0.0.3.tgz",
      "integrity": "sha512-DVl/ANcgeA4W3pHUpRmKTHQpjaxhI2hZsIYIKBvUz/XnBpAPipcEtdCS9rcRzF596dH2mPHL01aen6EHXFlt5A=="
    }
  }
}
